lockfileVersion: '9.0'

settings:
  autoInstallPeers: true
  excludeLinksFromLockfile: false

importers:

  .:
    dependencies:
      type-fest:
        specifier: ^4.35.0
        version: 4.35.0
    devDependencies:
      prettier:
        specifier: ^3.5.2
        version: 3.5.2
      typescript:
        specifier: ^5.7.3
        version: 5.7.3

packages:

  prettier@3.5.2:
    resolution: {integrity: sha512-lc6npv5PH7hVqozBR7lkBNOGXV9vMwROAPlumdBkX0wTbbzPu/U1hk5yL8p2pt4Xoc+2mkT8t/sow2YrV/M5qg==}
    engines: {node: '>=14'}
    hasBin: true

  type-fest@4.35.0:
    resolution: {integrity: sha512-2/AwEFQDFEy30iOLjrvHDIH7e4HEWH+f1Yl1bI5XMqzuoCUqwYCdxachgsgv0og/JdVZUhbfjcJAoHj5L1753A==}
    engines: {node: '>=16'}

  typescript@5.7.3:
    resolution: {integrity: sha512-84MVSjMEHP+FQRPy3pX9sTVV/INIex71s9TL2Gm5FG/WG1SqXeKyZ0k7/blY/4FdOzI12CBy1vGc4og/eus0fw==}
    engines: {node: '>=14.17'}
    hasBin: true

snapshots:

  prettier@3.5.2: {}

  type-fest@4.35.0: {}

  typescript@5.7.3: {}
